
Microsoft Visual Studio Solution File, Format Version 12.00
# Visual Studio Version 16
VisualStudioVersion = 16.0.29009.5
MinimumVisualStudioVersion = 10.0.40219.1
Project("{9A19103F-16F7-4668-BE54-9A1E7A4F7556}") = "Api", "Api.csproj", "{414C7989-2F9A-47F2-816A-50752553B365}"
EndProject
Project("{9A19103F-16F7-4668-BE54-9A1E7A4F7556}") = "Spotify", "Spotify\Spotify.csproj", "{9DAD8E10-F1AA-410B-BBEB-7D6291F2B12C}"
EndProject
Project("{9A19103F-16F7-4668-BE54-9A1E7A4F7556}") = "SpotifyTest", "SpotifyTest\SpotifyTest.csproj", "{21F80DC8-54F6-4448-B66D-3F56ED5C5811}"
EndProject
Project("{9A19103F-16F7-4668-BE54-9A1E7A4F7556}") = "Database", "Database\Database.csproj", "{029E6039-5673-4C2A-A634-796E31A37B8D}"
EndProject
Project("{9A19103F-16F7-4668-BE54-9A1E7A4F7556}") = "Napster", "Napster\Napster.csproj", "{A2E1AFB8-D027-411B-A855-EB96DEDE2568}"
EndProject
Project("{9A19103F-16F7-4668-BE54-9A1E7A4F7556}") = "Shared", "Shared\Shared.csproj", "{3B49FE17-9ABE-4987-AF99-B11E24A489C4}"
EndProject
Project("{FAE04EC0-301F-11D3-BF4B-00C04F79EFBC}") = "Youtube", "Youtube\Youtube.csproj", "{52DCFF1B-AD65-4668-B765-0D48105EDAC8}"
EndProject
Global
	GlobalSection(SolutionConfigurationPlatforms) = preSolution
		Debug|Any CPU = Debug|Any CPU
		Release|Any CPU = Release|Any CPU
	EndGlobalSection
	GlobalSection(ProjectConfigurationPlatforms) = postSolution
		{414C7989-2F9A-47F2-816A-50752553B365}.Debug|Any CPU.ActiveCfg = Debug|Any CPU
		{414C7989-2F9A-47F2-816A-50752553B365}.Debug|Any CPU.Build.0 = Debug|Any CPU
		{414C7989-2F9A-47F2-816A-50752553B365}.Release|Any CPU.ActiveCfg = Release|Any CPU
		{414C7989-2F9A-47F2-816A-50752553B365}.Release|Any CPU.Build.0 = Release|Any CPU
		{9DAD8E10-F1AA-410B-BBEB-7D6291F2B12C}.Debug|Any CPU.ActiveCfg = Debug|Any CPU
		{9DAD8E10-F1AA-410B-BBEB-7D6291F2B12C}.Debug|Any CPU.Build.0 = Debug|Any CPU
		{9DAD8E10-F1AA-410B-BBEB-7D6291F2B12C}.Release|Any CPU.ActiveCfg = Release|Any CPU
		{9DAD8E10-F1AA-410B-BBEB-7D6291F2B12C}.Release|Any CPU.Build.0 = Release|Any CPU
		{21F80DC8-54F6-4448-B66D-3F56ED5C5811}.Debug|Any CPU.ActiveCfg = Debug|Any CPU
		{21F80DC8-54F6-4448-B66D-3F56ED5C5811}.Debug|Any CPU.Build.0 = Debug|Any CPU
		{21F80DC8-54F6-4448-B66D-3F56ED5C5811}.Release|Any CPU.ActiveCfg = Release|Any CPU
		{21F80DC8-54F6-4448-B66D-3F56ED5C5811}.Release|Any CPU.Build.0 = Release|Any CPU
		{029E6039-5673-4C2A-A634-796E31A37B8D}.Debug|Any CPU.ActiveCfg = Debug|Any CPU
		{029E6039-5673-4C2A-A634-796E31A37B8D}.Debug|Any CPU.Build.0 = Debug|Any CPU
		{029E6039-5673-4C2A-A634-796E31A37B8D}.Release|Any CPU.ActiveCfg = Release|Any CPU
		{029E6039-5673-4C2A-A634-796E31A37B8D}.Release|Any CPU.Build.0 = Release|Any CPU
		{A2E1AFB8-D027-411B-A855-EB96DEDE2568}.Debug|Any CPU.ActiveCfg = Debug|Any CPU
		{A2E1AFB8-D027-411B-A855-EB96DEDE2568}.Debug|Any CPU.Build.0 = Debug|Any CPU
		{A2E1AFB8-D027-411B-A855-EB96DEDE2568}.Release|Any CPU.ActiveCfg = Release|Any CPU
		{A2E1AFB8-D027-411B-A855-EB96DEDE2568}.Release|Any CPU.Build.0 = Release|Any CPU
		{3B49FE17-9ABE-4987-AF99-B11E24A489C4}.Debug|Any CPU.ActiveCfg = Debug|Any CPU
		{3B49FE17-9ABE-4987-AF99-B11E24A489C4}.Debug|Any CPU.Build.0 = Debug|Any CPU
		{3B49FE17-9ABE-4987-AF99-B11E24A489C4}.Release|Any CPU.ActiveCfg = Release|Any CPU
		{3B49FE17-9ABE-4987-AF99-B11E24A489C4}.Release|Any CPU.Build.0 = Release|Any CPU
		{52DCFF1B-AD65-4668-B765-0D48105EDAC8}.Debug|Any CPU.ActiveCfg = Debug|Any CPU
		{52DCFF1B-AD65-4668-B765-0D48105EDAC8}.Debug|Any CPU.Build.0 = Debug|Any CPU
		{52DCFF1B-AD65-4668-B765-0D48105EDAC8}.Release|Any CPU.ActiveCfg = Release|Any CPU
		{52DCFF1B-AD65-4668-B765-0D48105EDAC8}.Release|Any CPU.Build.0 = Release|Any CPU
	EndGlobalSection
	GlobalSection(SolutionProperties) = preSolution
		HideSolutionNode = FALSE
	EndGlobalSection
	GlobalSection(ExtensibilityGlobals) = postSolution
		SolutionGuid = {2A1B4E35-0BA1-4481-83E0-D52308889C21}
	EndGlobalSection
EndGlobal
